
Microsoft Visual Studio Solution File, Format Version 12.00
# Visual Studio Version 17
VisualStudioVersion = 17.14.36203.30 d17.14
MinimumVisualStudioVersion = 10.0.40219.1
Project("{FAE04EC0-301F-11D3-BF4B-00C04F79EFBC}") = "StatAnalyzer", "StatAnalyzer\StatAnalyzer.csproj", "{8D37C121-5887-4F9D-B455-B27C67F23B08}"
EndProject
Global
	GlobalSection(SolutionConfigurationPlatforms) = preSolution
		Debug|Any CPU = Debug|Any CPU
		Release|Any CPU = Release|Any CPU
	EndGlobalSection
	GlobalSection(ProjectConfigurationPlatforms) = postSolution
		{8D37C121-5887-4F9D-B455-B27C67F23B08}.Debug|Any CPU.ActiveCfg = Debug|Any CPU
		{8D37C121-5887-4F9D-B455-B27C67F23B08}.Debug|Any CPU.Build.0 = Debug|Any CPU
		{8D37C121-5887-4F9D-B455-B27C67F23B08}.Release|Any CPU.ActiveCfg = Release|Any CPU
		{8D37C121-5887-4F9D-B455-B27C67F23B08}.Release|Any CPU.Build.0 = Release|Any CPU
	EndGlobalSection
	GlobalSection(SolutionProperties) = preSolution
		HideSolutionNode = FALSE
	EndGlobalSection
	GlobalSection(ExtensibilityGlobals) = postSolution
		SolutionGuid = {76686C4C-BF41-4052-A29A-1C2644CA202E}
	EndGlobalSection
EndGlobal
